Microsoft Visual Studio Solution File, Format Version 12.00
# Visual Studio Version 17
VisualStudioVersion = 17.5.2.0
MinimumVisualStudioVersion = 10.0.40219.1
Project("{FAE04EC0-301F-11D3-BF4B-00C04F79EFBC}") = "mefapi", "mefApi\mefapi.csproj", "{EB6FA926-B1D4-611E-FED3-8C83352EC1D5}"
EndProject
Global
	GlobalSection(SolutionConfigurationPlatforms) = preSolution
		Debug|Any CPU = Debug|Any CPU
		Release|Any CPU = Release|Any CPU
	EndGlobalSection
	GlobalSection(ProjectConfigurationPlatforms) = postSolution
		{EB6FA926-B1D4-611E-FED3-8C83352EC1D5}.Debug|Any CPU.ActiveCfg = Debug|Any CPU
		{EB6FA926-B1D4-611E-FED3-8C83352EC1D5}.Debug|Any CPU.Build.0 = Debug|Any CPU
		{EB6FA926-B1D4-611E-FED3-8C83352EC1D5}.Release|Any CPU.ActiveCfg = Release|Any CPU
		{EB6FA926-B1D4-611E-FED3-8C83352EC1D5}.Release|Any CPU.Build.0 = Release|Any CPU
	EndGlobalSection
	GlobalSection(SolutionProperties) = preSolution
		HideSolutionNode = FALSE
	EndGlobalSection
	GlobalSection(ExtensibilityGlobals) = postSolution
		SolutionGuid = {7CD09DC7-4979-45A0-AE80-180D92F79C00}
	EndGlobalSection
EndGlobal
